<?xml version="1.0" encoding="utf-8"?>
<Project ToolsVersion="4.0" xmlns="http://schemas.microsoft.com/developer/msbuild/2003">
  <ItemGroup>
    <Filter Include="Source Files">
      <UniqueIdentifier>{4FC737F1-C7A5-4376-A066-2A32D752A2FF}</UniqueIdentifier>
      <Extensions>qml;cpp;c;cc;cxx;def;odl;idl;hpj;bat;asm;asmx</Extensions>
    </Filter>
    <Filter Include="Header Files">
      <UniqueIdentifier>{93995380-89BD-4b04-88EB-625FBE52EBFB}</UniqueIdentifier>
      <Extensions>h;hh;hpp;hxx;hm;inl;inc;xsd</Extensions>
    </Filter>
    <Filter Include="Header Files\Essence">
      <UniqueIdentifier>{87ee114b-4237-4a64-92bd-045b5b4cfe21}</UniqueIdentifier>
    </Filter>
    <Filter Include="Source Files\Essence">
      <UniqueIdentifier>{56ed8908-3892-4073-be51-1df5cbe76e43}</UniqueIdentifier>
    </Filter>
  </ItemGroup>
  <ItemGroup>
    <QtMoc Include="GPA675Lab3.h">
      <Filter>Header Files</Filter>
    </QtMoc>
    <ClCompile Include="GPA675Lab3.cpp">
      <Filter>Source Files</Filter>
    </ClCompile>
    <QtMoc Include="Configuration.h">
      <Filter>Header Files</Filter>
    </QtMoc>
  </ItemGroup>
  <ItemGroup>
    <ClCompile Include="main.cpp">
      <Filter>Source Files</Filter>
    </ClCompile>
    <ClCompile Include="Branch.cpp">
      <Filter>Source Files</Filter>
    </ClCompile>
    <ClCompile Include="Tree.cpp">
      <Filter>Source Files</Filter>
    </ClCompile>
    <ClCompile Include="Configuration.cpp">
      <Filter>Source Files</Filter>
    </ClCompile>
    <ClCompile Include="Forest.cpp">
      <Filter>Source Files</Filter>
    </ClCompile>
    <ClCompile Include="Wind.cpp">
      <Filter>Source Files</Filter>
    </ClCompile>
    <ClCompile Include="Buisson.cpp">
      <Filter>Source Files\Essence</Filter>
    </ClCompile>
    <ClCompile Include="Sapin.cpp">
      <Filter>Source Files\Essence</Filter>
    </ClCompile>
    <ClCompile Include="Baobab.cpp">
      <Filter>Source Files\Essence</Filter>
    </ClCompile>
  </ItemGroup>
  <ItemGroup>
    <ClInclude Include="Branch.h">
      <Filter>Header Files</Filter>
    </ClInclude>
    <ClInclude Include="Tree.h">
      <Filter>Header Files</Filter>
    </ClInclude>
    <ClInclude Include="Definitions.h">
      <Filter>Header Files</Filter>
    </ClInclude>
    <ClInclude Include="Forest.h">
      <Filter>Header Files</Filter>
    </ClInclude>
    <ClInclude Include="Wind.h">
      <Filter>Header Files</Filter>
    </ClInclude>
    <ClInclude Include="Buisson.h">
      <Filter>Header Files\Essence</Filter>
    </ClInclude>
    <ClInclude Include="Sapin.h">
      <Filter>Header Files\Essence</Filter>
    </ClInclude>
    <ClInclude Include="Baobab.h">
      <Filter>Header Files\Essence</Filter>
    </ClInclude>
  </ItemGroup>
</Project>